
Microsoft Visual Studio Solution File, Format Version 12.00
# Visual Studio Version 16
VisualStudioVersion = 16.0.31424.327
MinimumVisualStudioVersion = 10.0.40219.1
Project("{FAE04EC0-301F-11D3-BF4B-00C04F79EFBC}") = "ContosoCrafts.Website", "ContosoCrafts.Website\ContosoCrafts.Website.csproj", "{5AD903A7-B534-4FAA-9C20-6290478A6098}"
EndProject
Global
	GlobalSection(SolutionConfigurationPlatforms) = preSolution
		Debug|Any CPU = Debug|Any CPU
		Release|Any CPU = Release|Any CPU
	EndGlobalSection
	GlobalSection(ProjectConfigurationPlatforms) = postSolution
		{5AD903A7-B534-4FAA-9C20-6290478A6098}.Debug|Any CPU.ActiveCfg = Debug|Any CPU
		{5AD903A7-B534-4FAA-9C20-6290478A6098}.Debug|Any CPU.Build.0 = Debug|Any CPU
		{5AD903A7-B534-4FAA-9C20-6290478A6098}.Release|Any CPU.ActiveCfg = Release|Any CPU
		{5AD903A7-B534-4FAA-9C20-6290478A6098}.Release|Any CPU.Build.0 = Release|Any CPU
	EndGlobalSection
	GlobalSection(SolutionProperties) = preSolution
		HideSolutionNode = FALSE
	EndGlobalSection
	GlobalSection(ExtensibilityGlobals) = postSolution
		SolutionGuid = {408C443B-909D-4881-B1B0-252F3791AD19}
	EndGlobalSection
EndGlobal
